
Microsoft Visual Studio Solution File, Format Version 12.00
# Visual Studio Version 17
VisualStudioVersion = 17.14.36401.2 d17.14
MinimumVisualStudioVersion = 10.0.40219.1
Project("{8BC9CEB8-8B4A-11D0-8D11-00A0C91BC942}") = "BetterInventory", "BetterInventory\BetterInventory.vcxproj", "{5C2B157E-C0DC-4AE6-B007-5281D66A6075}"
EndProject
Global
	GlobalSection(SolutionConfigurationPlatforms) = preSolution
		Debug|x64 = Debug|x64
		Debug|x86 = Debug|x86
		Release|x64 = Release|x64
		Release|x86 = Release|x86
	EndGlobalSection
	GlobalSection(ProjectConfigurationPlatforms) = postSolution
		{5C2B157E-C0DC-4AE6-B007-5281D66A6075}.Debug|x64.ActiveCfg = Debug|x64
		{5C2B157E-C0DC-4AE6-B007-5281D66A6075}.Debug|x64.Build.0 = Debug|x64
		{5C2B157E-C0DC-4AE6-B007-5281D66A6075}.Debug|x86.ActiveCfg = Debug|Win32
		{5C2B157E-C0DC-4AE6-B007-5281D66A6075}.Debug|x86.Build.0 = Debug|Win32
		{5C2B157E-C0DC-4AE6-B007-5281D66A6075}.Release|x64.ActiveCfg = Release|x64
		{5C2B157E-C0DC-4AE6-B007-5281D66A6075}.Release|x64.Build.0 = Release|x64
		{5C2B157E-C0DC-4AE6-B007-5281D66A6075}.Release|x86.ActiveCfg = Release|Win32
		{5C2B157E-C0DC-4AE6-B007-5281D66A6075}.Release|x86.Build.0 = Release|Win32
	EndGlobalSection
	GlobalSection(SolutionProperties) = preSolution
		HideSolutionNode = FALSE
	EndGlobalSection
	GlobalSection(ExtensibilityGlobals) = postSolution
		SolutionGuid = {20F68C64-8050-4BC1-A39B-406ED7978FB4}
	EndGlobalSection
EndGlobal
